github.com/creachadair/mds v0.24.3 h1:X7cM2ymZSyl4IVWnfyXLxRXMJ6awhbcWvtLPhfnTaqI=
github.com/creachadair/mds v0.24.3/go.mod h1:0oeHt9QWu8VfnmskOL4zi2CumjEvB29ScmtOmdrhFeU=
github.com/google/go-cmp v0.6.0 h1:ofyhxvXcZhMsU5ulbFiLKl/XBFqE1GSq7atu8tAmTRI=
github.com/google/go-cmp v0.6.0/go.mod h1:17dUlkBOakJ0+DkrSSNjCkIjxS6bF9zb3elmeNGIjoY=
